Microsoft Visual Studio Solution File, Format Version 12.00
# Visual Studio 14
VisualStudioVersion = 14.0.24720.0
MinimumVisualStudioVersion = 10.0.40219.1
Project("{8BC9CEB8-8B4A-11D0-8D11-00A0C91BC942}") = "cgame", "cgame.vcxproj", "{C878E295-CB82-4B40-8ECF-5CE5525466FA}"
EndProject
Project("{8BC9CEB8-8B4A-11D0-8D11-00A0C91BC942}") = "game", "game.vcxproj", "{F9EE10DA-2404-4154-B904-F93C936C040A}"
EndProject
Project("{8BC9CEB8-8B4A-11D0-8D11-00A0C91BC942}") = "q3_ui", "q3_ui.vcxproj", "{D454C4C7-7765-4149-ABAD-05FDEB9D94F8}"
EndProject
Project("{8BC9CEB8-8B4A-11D0-8D11-00A0C91BC942}") = "quake3", "quake3.vcxproj", "{81CB51C4-B434-4E12-B69B-BAEE102F2852}"
	ProjectSection(ProjectDependencies) = postProject
		{A1B8230E-91FD-445F-9EA9-CFE6D889E140} = {A1B8230E-91FD-445F-9EA9-CFE6D889E140}
		{C878E295-CB82-4B40-8ECF-5CE5525466FA} = {C878E295-CB82-4B40-8ECF-5CE5525466FA}
		{5E459EBE-E2CF-464A-A41E-0CF0AB0F5E76} = {5E459EBE-E2CF-464A-A41E-0CF0AB0F5E76}
		{D454C4C7-7765-4149-ABAD-05FDEB9D94F8} = {D454C4C7-7765-4149-ABAD-05FDEB9D94F8}
		{E878D8CE-6FBF-47ED-910A-93692D88DB95} = {E878D8CE-6FBF-47ED-910A-93692D88DB95}
		{F9EE10DA-2404-4154-B904-F93C936C040A} = {F9EE10DA-2404-4154-B904-F93C936C040A}
	EndProjectSection
EndProject
Project("{8BC9CEB8-8B4A-11D0-8D11-00A0C91BC942}") = "ui", "ui.vcxproj", "{A8EAC38E-C7DA-42F8-811D-77FD092B9D19}"
EndProject
Project("{8BC9CEB8-8B4A-11D0-8D11-00A0C91BC942}") = "opengl2", "opengl2.vcxproj", "{F7B397A4-8111-421B-A23B-B9A2CE509183}"
EndProject
Project("{8BC9CEB8-8B4A-11D0-8D11-00A0C91BC942}") = "opengl1", "opengl1.vcxproj", "{CD289B03-887C-4602-BDCE-AB6785A7489E}"
EndProject
Project("{D954291E-2A0B-460D-934E-DC6B0785DB48}") = "cli_shared", "..\shared\cli_shared.shproj", "{C4AD03F2-CD1C-4E1C-AE0B-B2FFDDDEA33E}"
EndProject
Project("{FAE04EC0-301F-11D3-BF4B-00C04F79EFBC}") = "cli_game", "cli_game\cli_game.csproj", "{E878D8CE-6FBF-47ED-910A-93692D88DB95}"
EndProject
Project("{FAE04EC0-301F-11D3-BF4B-00C04F79EFBC}") = "cli_cgame", "cli_cgame\cli_cgame.csproj", "{A1B8230E-91FD-445F-9EA9-CFE6D889E140}"
EndProject
Project("{FAE04EC0-301F-11D3-BF4B-00C04F79EFBC}") = "cli_ui", "cli_ui\cli_ui.csproj", "{5E459EBE-E2CF-464A-A41E-0CF0AB0F5E76}"
EndProject
Global
	GlobalSection(SharedMSBuildProjectFiles) = preSolution
		..\shared\shared.projitems*{5e459ebe-e2cf-464a-a41e-0cf0ab0f5e76}*SharedItemsImports = 4
		..\shared\shared.projitems*{c4ad03f2-cd1c-4e1c-ae0b-b2ffdddea33e}*SharedItemsImports = 13
		..\shared\shared.projitems*{a1b8230e-91fd-445f-9ea9-cfe6d889e140}*SharedItemsImports = 4
		..\shared\shared.projitems*{e878d8ce-6fbf-47ed-910a-93692d88db95}*SharedItemsImports = 4
	EndGlobalSection
	GlobalSection(SolutionConfigurationPlatforms) = preSolution
		Debug TA|Any CPU = Debug TA|Any CPU
		Debug TA|Win32 = Debug TA|Win32
		Debug|Any CPU = Debug|Any CPU
		Debug|Win32 = Debug|Win32
		Release TA|Any CPU = Release TA|Any CPU
		Release TA|Win32 = Release TA|Win32
		Release|Any CPU = Release|Any CPU
		Release|Win32 = Release|Win32
	EndGlobalSection
	GlobalSection(ProjectConfigurationPlatforms) = postSolution
		{C878E295-CB82-4B40-8ECF-5CE5525466FA}.Debug TA|Any CPU.ActiveCfg = Debug TA|Win32
		{C878E295-CB82-4B40-8ECF-5CE5525466FA}.Debug TA|Win32.ActiveCfg = Debug TA|Win32
		{C878E295-CB82-4B40-8ECF-5CE5525466FA}.Debug TA|Win32.Build.0 = Debug TA|Win32
		{C878E295-CB82-4B40-8ECF-5CE5525466FA}.Debug|Any CPU.ActiveCfg = Debug|Win32
		{C878E295-CB82-4B40-8ECF-5CE5525466FA}.Debug|Win32.ActiveCfg = Debug|Win32
		{C878E295-CB82-4B40-8ECF-5CE5525466FA}.Debug|Win32.Build.0 = Debug|Win32
		{C878E295-CB82-4B40-8ECF-5CE5525466FA}.Release TA|Any CPU.ActiveCfg = Release TA|Win32
		{C878E295-CB82-4B40-8ECF-5CE5525466FA}.Release TA|Win32.ActiveCfg = Release TA|Win32
		{C878E295-CB82-4B40-8ECF-5CE5525466FA}.Release TA|Win32.Build.0 = Release TA|Win32
		{C878E295-CB82-4B40-8ECF-5CE5525466FA}.Release|Any CPU.ActiveCfg = Release|Win32
		{C878E295-CB82-4B40-8ECF-5CE5525466FA}.Release|Win32.ActiveCfg = Release|Win32
		{C878E295-CB82-4B40-8ECF-5CE5525466FA}.Release|Win32.Build.0 = Release|Win32
		{F9EE10DA-2404-4154-B904-F93C936C040A}.Debug TA|Any CPU.ActiveCfg = Debug TA|Win32
		{F9EE10DA-2404-4154-B904-F93C936C040A}.Debug TA|Win32.ActiveCfg = Debug TA|Win32
		{F9EE10DA-2404-4154-B904-F93C936C040A}.Debug TA|Win32.Build.0 = Debug TA|Win32
		{F9EE10DA-2404-4154-B904-F93C936C040A}.Debug|Any CPU.ActiveCfg = Debug|Win32
		{F9EE10DA-2404-4154-B904-F93C936C040A}.Debug|Win32.ActiveCfg = Debug|Win32
		{F9EE10DA-2404-4154-B904-F93C936C040A}.Debug|Win32.Build.0 = Debug|Win32
		{F9EE10DA-2404-4154-B904-F93C936C040A}.Release TA|Any CPU.ActiveCfg = Release TA|Win32
		{F9EE10DA-2404-4154-B904-F93C936C040A}.Release TA|Win32.ActiveCfg = Release TA|Win32
		{F9EE10DA-2404-4154-B904-F93C936C040A}.Release TA|Win32.Build.0 = Release TA|Win32
		{F9EE10DA-2404-4154-B904-F93C936C040A}.Release|Any CPU.ActiveCfg = Release|Win32
		{F9EE10DA-2404-4154-B904-F93C936C040A}.Release|Win32.ActiveCfg = Release|Win32
		{F9EE10DA-2404-4154-B904-F93C936C040A}.Release|Win32.Build.0 = Release|Win32
		{D454C4C7-7765-4149-ABAD-05FDEB9D94F8}.Debug TA|Any CPU.ActiveCfg = Debug TA|Win32
		{D454C4C7-7765-4149-ABAD-05FDEB9D94F8}.Debug TA|Win32.ActiveCfg = Debug TA|Win32
		{D454C4C7-7765-4149-ABAD-05FDEB9D94F8}.Debug|Any CPU.ActiveCfg = Debug|Win32
		{D454C4C7-7765-4149-ABAD-05FDEB9D94F8}.Debug|Win32.ActiveCfg = Debug|Win32
		{D454C4C7-7765-4149-ABAD-05FDEB9D94F8}.Debug|Win32.Build.0 = Debug|Win32
		{D454C4C7-7765-4149-ABAD-05FDEB9D94F8}.Release TA|Any CPU.ActiveCfg = Release TA|Win32
		{D454C4C7-7765-4149-ABAD-05FDEB9D94F8}.Release TA|Win32.ActiveCfg = Release TA|Win32
		{D454C4C7-7765-4149-ABAD-05FDEB9D94F8}.Release|Any CPU.ActiveCfg = Release|Win32
		{D454C4C7-7765-4149-ABAD-05FDEB9D94F8}.Release|Win32.ActiveCfg = Release|Win32
		{D454C4C7-7765-4149-ABAD-05FDEB9D94F8}.Release|Win32.Build.0 = Release|Win32
		{81CB51C4-B434-4E12-B69B-BAEE102F2852}.Debug TA|Any CPU.ActiveCfg = Debug TA|Win32
		{81CB51C4-B434-4E12-B69B-BAEE102F2852}.Debug TA|Win32.ActiveCfg = Debug TA|Win32
		{81CB51C4-B434-4E12-B69B-BAEE102F2852}.Debug TA|Win32.Build.0 = Debug TA|Win32
		{81CB51C4-B434-4E12-B69B-BAEE102F2852}.Debug|Any CPU.ActiveCfg = Debug|Win32
		{81CB51C4-B434-4E12-B69B-BAEE102F2852}.Debug|Win32.ActiveCfg = Debug|Win32
		{81CB51C4-B434-4E12-B69B-BAEE102F2852}.Debug|Win32.Build.0 = Debug|Win32
		{81CB51C4-B434-4E12-B69B-BAEE102F2852}.Release TA|Any CPU.ActiveCfg = Release TA|Win32
		{81CB51C4-B434-4E12-B69B-BAEE102F2852}.Release TA|Win32.ActiveCfg = Release TA|Win32
		{81CB51C4-B434-4E12-B69B-BAEE102F2852}.Release TA|Win32.Build.0 = Release TA|Win32
		{81CB51C4-B434-4E12-B69B-BAEE102F2852}.Release|Any CPU.ActiveCfg = Release|Win32
		{81CB51C4-B434-4E12-B69B-BAEE102F2852}.Release|Win32.ActiveCfg = Release|Win32
		{81CB51C4-B434-4E12-B69B-BAEE102F2852}.Release|Win32.Build.0 = Release|Win32
		{A8EAC38E-C7DA-42F8-811D-77FD092B9D19}.Debug TA|Any CPU.ActiveCfg = Debug TA|Win32
		{A8EAC38E-C7DA-42F8-811D-77FD092B9D19}.Debug TA|Win32.ActiveCfg = Debug TA|Win32
		{A8EAC38E-C7DA-42F8-811D-77FD092B9D19}.Debug TA|Win32.Build.0 = Debug TA|Win32
		{A8EAC38E-C7DA-42F8-811D-77FD092B9D19}.Debug|Any CPU.ActiveCfg = Debug|Win32
		{A8EAC38E-C7DA-42F8-811D-77FD092B9D19}.Debug|Win32.ActiveCfg = Debug|Win32
		{A8EAC38E-C7DA-42F8-811D-77FD092B9D19}.Release TA|Any CPU.ActiveCfg = Release TA|Win32
		{A8EAC38E-C7DA-42F8-811D-77FD092B9D19}.Release TA|Win32.ActiveCfg = Release TA|Win32
		{A8EAC38E-C7DA-42F8-811D-77FD092B9D19}.Release TA|Win32.Build.0 = Release TA|Win32
		{A8EAC38E-C7DA-42F8-811D-77FD092B9D19}.Release|Any CPU.ActiveCfg = Release|Win32
		{A8EAC38E-C7DA-42F8-811D-77FD092B9D19}.Release|Win32.ActiveCfg = Release|Win32
		{F7B397A4-8111-421B-A23B-B9A2CE509183}.Debug TA|Any CPU.ActiveCfg = Debug TA|Win32
		{F7B397A4-8111-421B-A23B-B9A2CE509183}.Debug TA|Win32.ActiveCfg = Debug TA|Win32
		{F7B397A4-8111-421B-A23B-B9A2CE509183}.Debug TA|Win32.Build.0 = Debug TA|Win32
		{F7B397A4-8111-421B-A23B-B9A2CE509183}.Debug|Any CPU.ActiveCfg = Debug|Win32
		{F7B397A4-8111-421B-A23B-B9A2CE509183}.Debug|Win32.ActiveCfg = Debug|Win32
		{F7B397A4-8111-421B-A23B-B9A2CE509183}.Debug|Win32.Build.0 = Debug|Win32
		{F7B397A4-8111-421B-A23B-B9A2CE509183}.Release TA|Any CPU.ActiveCfg = Release TA|Win32
		{F7B397A4-8111-421B-A23B-B9A2CE509183}.Release TA|Win32.ActiveCfg = Release TA|Win32
		{F7B397A4-8111-421B-A23B-B9A2CE509183}.Release TA|Win32.Build.0 = Release TA|Win32
		{F7B397A4-8111-421B-A23B-B9A2CE509183}.Release|Any CPU.ActiveCfg = Release|Win32
		{F7B397A4-8111-421B-A23B-B9A2CE509183}.Release|Win32.ActiveCfg = Release|Win32
		{F7B397A4-8111-421B-A23B-B9A2CE509183}.Release|Win32.Build.0 = Release|Win32
		{CD289B03-887C-4602-BDCE-AB6785A7489E}.Debug TA|Any CPU.ActiveCfg = Debug TA|Win32
		{CD289B03-887C-4602-BDCE-AB6785A7489E}.Debug TA|Win32.ActiveCfg = Debug TA|Win32
		{CD289B03-887C-4602-BDCE-AB6785A7489E}.Debug TA|Win32.Build.0 = Debug TA|Win32
		{CD289B03-887C-4602-BDCE-AB6785A7489E}.Debug|Any CPU.ActiveCfg = Debug|Win32
		{CD289B03-887C-4602-BDCE-AB6785A7489E}.Debug|Win32.ActiveCfg = Debug|Win32
		{CD289B03-887C-4602-BDCE-AB6785A7489E}.Debug|Win32.Build.0 = Debug|Win32
		{CD289B03-887C-4602-BDCE-AB6785A7489E}.Release TA|Any CPU.ActiveCfg = Release TA|Win32
		{CD289B03-887C-4602-BDCE-AB6785A7489E}.Release TA|Win32.ActiveCfg = Release TA|Win32
		{CD289B03-887C-4602-BDCE-AB6785A7489E}.Release TA|Win32.Build.0 = Release TA|Win32
		{CD289B03-887C-4602-BDCE-AB6785A7489E}.Release|Any CPU.ActiveCfg = Release|Win32
		{CD289B03-887C-4602-BDCE-AB6785A7489E}.Release|Win32.ActiveCfg = Release|Win32
		{CD289B03-887C-4602-BDCE-AB6785A7489E}.Release|Win32.Build.0 = Release|Win32
		{E878D8CE-6FBF-47ED-910A-93692D88DB95}.Debug TA|Any CPU.ActiveCfg = Debug|Any CPU
		{E878D8CE-6FBF-47ED-910A-93692D88DB95}.Debug TA|Any CPU.Build.0 = Debug|Any CPU
		{E878D8CE-6FBF-47ED-910A-93692D88DB95}.Debug TA|Win32.ActiveCfg = Debug|Any CPU
		{E878D8CE-6FBF-47ED-910A-93692D88DB95}.Debug TA|Win32.Build.0 = Debug|Any CPU
		{E878D8CE-6FBF-47ED-910A-93692D88DB95}.Debug|Any CPU.ActiveCfg = Debug|Any CPU
		{E878D8CE-6FBF-47ED-910A-93692D88DB95}.Debug|Any CPU.Build.0 = Debug|Any CPU
		{E878D8CE-6FBF-47ED-910A-93692D88DB95}.Debug|Win32.ActiveCfg = Debug|Any CPU
		{E878D8CE-6FBF-47ED-910A-93692D88DB95}.Debug|Win32.Build.0 = Debug|Any CPU
		{E878D8CE-6FBF-47ED-910A-93692D88DB95}.Release TA|Any CPU.ActiveCfg = Release|Any CPU
		{E878D8CE-6FBF-47ED-910A-93692D88DB95}.Release TA|Any CPU.Build.0 = Release|Any CPU
		{E878D8CE-6FBF-47ED-910A-93692D88DB95}.Release TA|Win32.ActiveCfg = Release|Any CPU
		{E878D8CE-6FBF-47ED-910A-93692D88DB95}.Release TA|Win32.Build.0 = Release|Any CPU
		{E878D8CE-6FBF-47ED-910A-93692D88DB95}.Release|Any CPU.ActiveCfg = Release|Any CPU
		{E878D8CE-6FBF-47ED-910A-93692D88DB95}.Release|Any CPU.Build.0 = Release|Any CPU
		{E878D8CE-6FBF-47ED-910A-93692D88DB95}.Release|Win32.ActiveCfg = Release|Any CPU
		{E878D8CE-6FBF-47ED-910A-93692D88DB95}.Release|Win32.Build.0 = Release|Any CPU
		{A1B8230E-91FD-445F-9EA9-CFE6D889E140}.Debug TA|Any CPU.ActiveCfg = Debug|Any CPU
		{A1B8230E-91FD-445F-9EA9-CFE6D889E140}.Debug TA|Any CPU.Build.0 = Debug|Any CPU
		{A1B8230E-91FD-445F-9EA9-CFE6D889E140}.Debug TA|Win32.ActiveCfg = Debug|Any CPU
		{A1B8230E-91FD-445F-9EA9-CFE6D889E140}.Debug TA|Win32.Build.0 = Debug|Any CPU
		{A1B8230E-91FD-445F-9EA9-CFE6D889E140}.Debug|Any CPU.ActiveCfg = Debug|Any CPU
		{A1B8230E-91FD-445F-9EA9-CFE6D889E140}.Debug|Any CPU.Build.0 = Debug|Any CPU
		{A1B8230E-91FD-445F-9EA9-CFE6D889E140}.Debug|Win32.ActiveCfg = Debug|Any CPU
		{A1B8230E-91FD-445F-9EA9-CFE6D889E140}.Debug|Win32.Build.0 = Debug|Any CPU
		{A1B8230E-91FD-445F-9EA9-CFE6D889E140}.Release TA|Any CPU.ActiveCfg = Release|Any CPU
		{A1B8230E-91FD-445F-9EA9-CFE6D889E140}.Release TA|Any CPU.Build.0 = Release|Any CPU
		{A1B8230E-91FD-445F-9EA9-CFE6D889E140}.Release TA|Win32.ActiveCfg = Release|Any CPU
		{A1B8230E-91FD-445F-9EA9-CFE6D889E140}.Release TA|Win32.Build.0 = Release|Any CPU
		{A1B8230E-91FD-445F-9EA9-CFE6D889E140}.Release|Any CPU.ActiveCfg = Release|Any CPU
		{A1B8230E-91FD-445F-9EA9-CFE6D889E140}.Release|Any CPU.Build.0 = Release|Any CPU
		{A1B8230E-91FD-445F-9EA9-CFE6D889E140}.Release|Win32.ActiveCfg = Release|Any CPU
		{A1B8230E-91FD-445F-9EA9-CFE6D889E140}.Release|Win32.Build.0 = Release|Any CPU
		{5E459EBE-E2CF-464A-A41E-0CF0AB0F5E76}.Debug TA|Any CPU.ActiveCfg = Debug|Any CPU
		{5E459EBE-E2CF-464A-A41E-0CF0AB0F5E76}.Debug TA|Any CPU.Build.0 = Debug|Any CPU
		{5E459EBE-E2CF-464A-A41E-0CF0AB0F5E76}.Debug TA|Win32.ActiveCfg = Debug|Any CPU
		{5E459EBE-E2CF-464A-A41E-0CF0AB0F5E76}.Debug TA|Win32.Build.0 = Debug|Any CPU
		{5E459EBE-E2CF-464A-A41E-0CF0AB0F5E76}.Debug|Any CPU.ActiveCfg = Debug|Any CPU
		{5E459EBE-E2CF-464A-A41E-0CF0AB0F5E76}.Debug|Any CPU.Build.0 = Debug|Any CPU
		{5E459EBE-E2CF-464A-A41E-0CF0AB0F5E76}.Debug|Win32.ActiveCfg = Debug|Any CPU
		{5E459EBE-E2CF-464A-A41E-0CF0AB0F5E76}.Debug|Win32.Build.0 = Debug|Any CPU
		{5E459EBE-E2CF-464A-A41E-0CF0AB0F5E76}.Release TA|Any CPU.ActiveCfg = Release|Any CPU
		{5E459EBE-E2CF-464A-A41E-0CF0AB0F5E76}.Release TA|Any CPU.Build.0 = Release|Any CPU
		{5E459EBE-E2CF-464A-A41E-0CF0AB0F5E76}.Release TA|Win32.ActiveCfg = Release|Any CPU
		{5E459EBE-E2CF-464A-A41E-0CF0AB0F5E76}.Release TA|Win32.Build.0 = Release|Any CPU
		{5E459EBE-E2CF-464A-A41E-0CF0AB0F5E76}.Release|Any CPU.ActiveCfg = Release|Any CPU
		{5E459EBE-E2CF-464A-A41E-0CF0AB0F5E76}.Release|Any CPU.Build.0 = Release|Any CPU
		{5E459EBE-E2CF-464A-A41E-0CF0AB0F5E76}.Release|Win32.ActiveCfg = Release|Any CPU
		{5E459EBE-E2CF-464A-A41E-0CF0AB0F5E76}.Release|Win32.Build.0 = Release|Any CPU
	EndGlobalSection
	GlobalSection(SolutionProperties) = preSolution
		HideSolutionNode = FALSE
	EndGlobalSection
EndGlobal
